{
  "name": "svelte-esbuild-starter",
  "version": "0.1.0",
  "lockfileVersion": 1,
  "requires": true,
  "dependencies": {
    "derver": {
      "version": "0.4.11",
      "resolved": "https://registry.npmjs.org/derver/-/derver-0.4.11.tgz",
      "integrity": "sha512-I5dFtxVu+ScOKT6M/LLoHMGBixurNTb0SX1tifrJ+4vAhydXKs7FhL/SpbQ5Re+b73MKnYJIvl3dEBP5vS9npQ==",
      "dev": true
    },
    "esbuild": {
      "version": "0.8.33",
      "resolved": "https://registry.npmjs.org/esbuild/-/esbuild-0.8.33.tgz",
      "integrity": "sha512-2ms/P6Y9zJfopR9dKo2vHzhXKfGSNlquVVoVOF8YnhjuzZVrvManMVBPadBsR/t7jzIkRnwqvxrs7d4f3C3eyg==",
      "dev": true
    },
    "esbuild-svelte": {
      "version": "0.4.0",
      "resolved": "https://registry.npmjs.org/esbuild-svelte/-/esbuild-svelte-0.4.0.tgz",
      "integrity": "sha512-CQ9ql0kjVyixRJAmA1tItut8IPg8w0+UJW9PpslRWZd1RVJUcyfzOOMgeURzRXHwAFir5aR8FVwH8I1eWEMtNg==",
      "dev": true,
      "requires": {
        "svelte": "^3.31.0"
      }
    },
    "svelte": {
      "version": "3.31.2",
      "resolved": "https://registry.npmjs.org/svelte/-/svelte-3.31.2.tgz",
      "integrity": "sha512-TxZGrXzX2ggFH3BIKY5fmbeMdJuZrMIMDYPMX6R9255bueuYIuVaBQSLUeY2oD7W4IdeqRZiAVGCjDw2POKBRA==",
      "dev": true
    }
  }
}
